
Microsoft Visual Studio Solution File, Format Version 12.00
# Visual Studio Version 17
VisualStudioVersion = 17.1.32328.378
MinimumVisualStudioVersion = 10.0.40219.1
Project("{FAE04EC0-301F-11D3-BF4B-00C04F79EFBC}") = "PZ2-MSG-Decoder", "PZ2-MSG-Decoder\PZ2-MSG-Decoder.csproj", "{B1811F01-7AE8-4659-B71D-D3E2D8ECF845}"
EndProject
Global
	GlobalSection(SolutionConfigurationPlatforms) = preSolution
		Debug|Any CPU = Debug|Any CPU
		Release|Any CPU = Release|Any CPU
	EndGlobalSection
	GlobalSection(ProjectConfigurationPlatforms) = postSolution
		{B1811F01-7AE8-4659-B71D-D3E2D8ECF845}.Debug|Any CPU.ActiveCfg = Debug|Any CPU
		{B1811F01-7AE8-4659-B71D-D3E2D8ECF845}.Debug|Any CPU.Build.0 = Debug|Any CPU
		{B1811F01-7AE8-4659-B71D-D3E2D8ECF845}.Release|Any CPU.ActiveCfg = Release|Any CPU
		{B1811F01-7AE8-4659-B71D-D3E2D8ECF845}.Release|Any CPU.Build.0 = Release|Any CPU
	EndGlobalSection
	GlobalSection(SolutionProperties) = preSolution
		HideSolutionNode = FALSE
	EndGlobalSection
	GlobalSection(ExtensibilityGlobals) = postSolution
		SolutionGuid = {BAFB25FD-3D4D-44E9-A0A0-08220872240A}
	EndGlobalSection
EndGlobal
